
Microsoft Visual Studio Solution File, Format Version 12.00
# Visual Studio Version 17
VisualStudioVersion = 17.8.34330.188
MinimumVisualStudioVersion = 10.0.40219.1
Project("{2150E333-8FDC-42A3-9474-1A3956D46DE8}") = "tests", "tests", "{5370FCD2-77D4-460C-9E26-117C5FB200B8}"
EndProject
Project("{2150E333-8FDC-42A3-9474-1A3956D46DE8}") = "src", "src", "{68775ECD-D242-49B7-AEB2-8B3D99C69718}"
EndProject
Project("{FAE04EC0-301F-11D3-BF4B-00C04F79EFBC}") = "WorkerService", "src\WorkerService\WorkerService.csproj", "{7D85B104-2E23-4F92-BB44-00B6317A2120}"
EndProject
Global
	GlobalSection(SolutionConfigurationPlatforms) = preSolution
		Debug|Any CPU = Debug|Any CPU
		Release|Any CPU = Release|Any CPU
	EndGlobalSection
	GlobalSection(ProjectConfigurationPlatforms) = postSolution
		{7D85B104-2E23-4F92-BB44-00B6317A2120}.Debug|Any CPU.ActiveCfg = Debug|Any CPU
		{7D85B104-2E23-4F92-BB44-00B6317A2120}.Debug|Any CPU.Build.0 = Debug|Any CPU
		{7D85B104-2E23-4F92-BB44-00B6317A2120}.Release|Any CPU.ActiveCfg = Release|Any CPU
		{7D85B104-2E23-4F92-BB44-00B6317A2120}.Release|Any CPU.Build.0 = Release|Any CPU
	EndGlobalSection
	GlobalSection(SolutionProperties) = preSolution
		HideSolutionNode = FALSE
	EndGlobalSection
	GlobalSection(NestedProjects) = preSolution
		{7D85B104-2E23-4F92-BB44-00B6317A2120} = {68775ECD-D242-49B7-AEB2-8B3D99C69718}
	EndGlobalSection
	GlobalSection(ExtensibilityGlobals) = postSolution
		SolutionGuid = {E9B78B4A-6AA6-422C-A599-81159EF5C2E1}
	EndGlobalSection
EndGlobal
